
Microsoft Visual Studio Solution File, Format Version 12.00
# Visual Studio Version 16
VisualStudioVersion = 16.0.30204.135
MinimumVisualStudioVersion = 10.0.40219.1
Project("{FAE04EC0-301F-11D3-BF4B-00C04F79EFBC}") = "Springboard365.UnitTest.Xrm.NUnit", "Springboard365.UnitTest.Xrm.NUnit\Springboard365.UnitTest.Xrm.NUnit.csproj", "{7BC17883-B1A7-456E-89EE-FCB7CD23408F}"
EndProject
Global
	GlobalSection(SolutionConfigurationPlatforms) = preSolution
		Debug|Any CPU = Debug|Any CPU
		Release|Any CPU = Release|Any CPU
	EndGlobalSection
	GlobalSection(ProjectConfigurationPlatforms) = postSolution
		{7BC17883-B1A7-456E-89EE-FCB7CD23408F}.Debug|Any CPU.ActiveCfg = Debug|Any CPU
		{7BC17883-B1A7-456E-89EE-FCB7CD23408F}.Debug|Any CPU.Build.0 = Debug|Any CPU
		{7BC17883-B1A7-456E-89EE-FCB7CD23408F}.Release|Any CPU.ActiveCfg = Release|Any CPU
		{7BC17883-B1A7-456E-89EE-FCB7CD23408F}.Release|Any CPU.Build.0 = Release|Any CPU
	EndGlobalSection
	GlobalSection(SolutionProperties) = preSolution
		HideSolutionNode = FALSE
	EndGlobalSection
	GlobalSection(ExtensibilityGlobals) = postSolution
		SolutionGuid = {262654B1-273E-4968-914E-2B1642F96F2D}
	EndGlobalSection
EndGlobal
